
Microsoft Visual Studio Solution File, Format Version 12.00
# Visual Studio Version 17
VisualStudioVersion = 17.2.32616.157
MinimumVisualStudioVersion = 10.0.40219.1
Project("{9A19103F-16F7-4668-BE54-9A1E7A4F7556}") = "01.ClassBoxData", "01.ClassBoxData\01.ClassBoxData.csproj", "{38DC38E1-C980-45BD-B2E7-7A07BFD0AEF0}"
EndProject
Project("{FAE04EC0-301F-11D3-BF4B-00C04F79EFBC}") = "03.ShoppingSpree", "03.ShoppingSpree\03.ShoppingSpree.csproj", "{6E07AC19-941A-41D3-B27A-E14D95F946C7}"
EndProject
Project("{FAE04EC0-301F-11D3-BF4B-00C04F79EFBC}") = "04.PizzaCallories", "04.PizzaCallories\04.PizzaCallories.csproj", "{65889B8D-90C7-41DE-98D5-EE5AEE3CD022}"
EndProject
Global
	GlobalSection(SolutionConfigurationPlatforms) = preSolution
		Debug|Any CPU = Debug|Any CPU
		Release|Any CPU = Release|Any CPU
	EndGlobalSection
	GlobalSection(ProjectConfigurationPlatforms) = postSolution
		{38DC38E1-C980-45BD-B2E7-7A07BFD0AEF0}.Debug|Any CPU.ActiveCfg = Debug|Any CPU
		{38DC38E1-C980-45BD-B2E7-7A07BFD0AEF0}.Debug|Any CPU.Build.0 = Debug|Any CPU
		{38DC38E1-C980-45BD-B2E7-7A07BFD0AEF0}.Release|Any CPU.ActiveCfg = Release|Any CPU
		{38DC38E1-C980-45BD-B2E7-7A07BFD0AEF0}.Release|Any CPU.Build.0 = Release|Any CPU
		{6E07AC19-941A-41D3-B27A-E14D95F946C7}.Debug|Any CPU.ActiveCfg = Debug|Any CPU
		{6E07AC19-941A-41D3-B27A-E14D95F946C7}.Debug|Any CPU.Build.0 = Debug|Any CPU
		{6E07AC19-941A-41D3-B27A-E14D95F946C7}.Release|Any CPU.ActiveCfg = Release|Any CPU
		{6E07AC19-941A-41D3-B27A-E14D95F946C7}.Release|Any CPU.Build.0 = Release|Any CPU
		{65889B8D-90C7-41DE-98D5-EE5AEE3CD022}.Debug|Any CPU.ActiveCfg = Debug|Any CPU
		{65889B8D-90C7-41DE-98D5-EE5AEE3CD022}.Debug|Any CPU.Build.0 = Debug|Any CPU
		{65889B8D-90C7-41DE-98D5-EE5AEE3CD022}.Release|Any CPU.ActiveCfg = Release|Any CPU
		{65889B8D-90C7-41DE-98D5-EE5AEE3CD022}.Release|Any CPU.Build.0 = Release|Any CPU
	EndGlobalSection
	GlobalSection(SolutionProperties) = preSolution
		HideSolutionNode = FALSE
	EndGlobalSection
	GlobalSection(ExtensibilityGlobals) = postSolution
		SolutionGuid = {5BCC77BB-570C-4529-83CA-090B3435AFF0}
	EndGlobalSection
EndGlobal
